
Microsoft Visual Studio Solution File, Format Version 12.00
Project("{2150E333-8FDC-42A3-9474-1A3956D46DE8}") = "src", "src", "{A03E75E7-C786-4A11-BEBF-E693439E7239}"
EndProject
Project("{2150E333-8FDC-42A3-9474-1A3956D46DE8}") = "test", "test", "{92540C2F-8243-43E7-A21E-07348D1DB42A}"
EndProject
Project("{2150E333-8FDC-42A3-9474-1A3956D46DE8}") = "UI", "UI", "{ABF49BB5-9599-45C1-B2F5-28F6BA82CED4}"
EndProject
Project("{2150E333-8FDC-42A3-9474-1A3956D46DE8}") = "Core", "Core", "{ECDF80D4-2F80-4BE7-8322-386ACE108B41}"
EndProject
Project("{2150E333-8FDC-42A3-9474-1A3956D46DE8}") = "Infrastructure", "Infrastructure", "{156C2E4E-2B8E-4832-8177-CE40186A83C2}"
EndProject
Project("{2150E333-8FDC-42A3-9474-1A3956D46DE8}") = "API", "API", "{CE950073-FABA-4AAF-8608-44E825816B49}"
EndProject
Project("{FAE04EC0-301F-11D3-BF4B-00C04F79EFBC}") = "HR.LeaveManagement.Domain", "HR.LeaveManagement.Domain\HR.LeaveManagement.Domain.csproj", "{B5CC73FF-E483-4FB1-84AE-5B0294955ED8}"
EndProject
Project("{FAE04EC0-301F-11D3-BF4B-00C04F79EFBC}") = "HR.LeaveManagement.Application", "HR.LeaveManagement.Application\HR.LeaveManagement.Application.csproj", "{382B87DD-53D7-4536-B9DB-616C3ECBA658}"
EndProject
Project("{FAE04EC0-301F-11D3-BF4B-00C04F79EFBC}") = "HR.LeaveManagement.Persistence", "HR.LeaveManagement.Persistence\HR.LeaveManagement.Persistence.csproj", "{DFA4C11B-9373-4F92-BB40-A36D1427C2CB}"
EndProject
Project("{FAE04EC0-301F-11D3-BF4B-00C04F79EFBC}") = "HR.LeaveManagement.Infrastructure", "HR.LeaveManagement.Infrastructure\HR.LeaveManagement.Infrastructure.csproj", "{AB7C6FDB-68EB-4FDA-8B7C-7F1AE28B5D84}"
EndProject
Project("{FAE04EC0-301F-11D3-BF4B-00C04F79EFBC}") = "HR.LeaveManagement.Api", "HR.LeaveManagement.Api\HR.LeaveManagement.Api.csproj", "{A2AF6982-7E60-4C34-B843-BE0ADE03BC84}"
EndProject
Global
	GlobalSection(SolutionConfigurationPlatforms) = preSolution
		Debug|Any CPU = Debug|Any CPU
		Release|Any CPU = Release|Any CPU
	EndGlobalSection
	GlobalSection(NestedProjects) = preSolution
		{ABF49BB5-9599-45C1-B2F5-28F6BA82CED4} = {A03E75E7-C786-4A11-BEBF-E693439E7239}
		{ECDF80D4-2F80-4BE7-8322-386ACE108B41} = {A03E75E7-C786-4A11-BEBF-E693439E7239}
		{156C2E4E-2B8E-4832-8177-CE40186A83C2} = {A03E75E7-C786-4A11-BEBF-E693439E7239}
		{CE950073-FABA-4AAF-8608-44E825816B49} = {A03E75E7-C786-4A11-BEBF-E693439E7239}
		{B5CC73FF-E483-4FB1-84AE-5B0294955ED8} = {ECDF80D4-2F80-4BE7-8322-386ACE108B41}
		{382B87DD-53D7-4536-B9DB-616C3ECBA658} = {ECDF80D4-2F80-4BE7-8322-386ACE108B41}
		{DFA4C11B-9373-4F92-BB40-A36D1427C2CB} = {156C2E4E-2B8E-4832-8177-CE40186A83C2}
		{AB7C6FDB-68EB-4FDA-8B7C-7F1AE28B5D84} = {156C2E4E-2B8E-4832-8177-CE40186A83C2}
		{A2AF6982-7E60-4C34-B843-BE0ADE03BC84} = {CE950073-FABA-4AAF-8608-44E825816B49}
	EndGlobalSection
	GlobalSection(ProjectConfigurationPlatforms) = postSolution
		{B5CC73FF-E483-4FB1-84AE-5B0294955ED8}.Debug|Any CPU.ActiveCfg = Debug|Any CPU
		{B5CC73FF-E483-4FB1-84AE-5B0294955ED8}.Debug|Any CPU.Build.0 = Debug|Any CPU
		{B5CC73FF-E483-4FB1-84AE-5B0294955ED8}.Release|Any CPU.ActiveCfg = Release|Any CPU
		{B5CC73FF-E483-4FB1-84AE-5B0294955ED8}.Release|Any CPU.Build.0 = Release|Any CPU
		{382B87DD-53D7-4536-B9DB-616C3ECBA658}.Debug|Any CPU.ActiveCfg = Debug|Any CPU
		{382B87DD-53D7-4536-B9DB-616C3ECBA658}.Debug|Any CPU.Build.0 = Debug|Any CPU
		{382B87DD-53D7-4536-B9DB-616C3ECBA658}.Release|Any CPU.ActiveCfg = Release|Any CPU
		{382B87DD-53D7-4536-B9DB-616C3ECBA658}.Release|Any CPU.Build.0 = Release|Any CPU
		{DFA4C11B-9373-4F92-BB40-A36D1427C2CB}.Debug|Any CPU.ActiveCfg = Debug|Any CPU
		{DFA4C11B-9373-4F92-BB40-A36D1427C2CB}.Debug|Any CPU.Build.0 = Debug|Any CPU
		{DFA4C11B-9373-4F92-BB40-A36D1427C2CB}.Release|Any CPU.ActiveCfg = Release|Any CPU
		{DFA4C11B-9373-4F92-BB40-A36D1427C2CB}.Release|Any CPU.Build.0 = Release|Any CPU
		{AB7C6FDB-68EB-4FDA-8B7C-7F1AE28B5D84}.Debug|Any CPU.ActiveCfg = Debug|Any CPU
		{AB7C6FDB-68EB-4FDA-8B7C-7F1AE28B5D84}.Debug|Any CPU.Build.0 = Debug|Any CPU
		{AB7C6FDB-68EB-4FDA-8B7C-7F1AE28B5D84}.Release|Any CPU.ActiveCfg = Release|Any CPU
		{AB7C6FDB-68EB-4FDA-8B7C-7F1AE28B5D84}.Release|Any CPU.Build.0 = Release|Any CPU
		{A2AF6982-7E60-4C34-B843-BE0ADE03BC84}.Debug|Any CPU.ActiveCfg = Debug|Any CPU
		{A2AF6982-7E60-4C34-B843-BE0ADE03BC84}.Debug|Any CPU.Build.0 = Debug|Any CPU
		{A2AF6982-7E60-4C34-B843-BE0ADE03BC84}.Release|Any CPU.ActiveCfg = Release|Any CPU
		{A2AF6982-7E60-4C34-B843-BE0ADE03BC84}.Release|Any CPU.Build.0 = Release|Any CPU
	EndGlobalSection
EndGlobal
